// !$*UTF8*$!
{
	archiveVersion = 1;
	classes = {
	};
	objectVersion = 56;
	objects = {

/* Begin PBXBuildFile section */
		81F611392A159245008DF5D8 /* MealPalApp.swift in Sources */ = {isa = PBXBuildFile; fileRef = 81F611382A159245008DF5D8 /* MealPalApp.swift */; };
		81F6113B2A159245008DF5D8 /* ContentView.swift in Sources */ = {isa = PBXBuildFile; fileRef = 81F6113A2A159245008DF5D8 /* ContentView.swift */; };
		81F6113D2A159247008DF5D8 /* Assets.xcassets in Resources */ = {isa = PBXBuildFile; fileRef = 81F6113C2A159247008DF5D8 /* Assets.xcassets */; };
		81F611402A159247008DF5D8 /* Preview Assets.xcassets in Resources */ = {isa = PBXBuildFile; fileRef = 81F6113F2A159247008DF5D8 /* Preview Assets.xcassets */; };
		81F6114A2A159247008DF5D8 /* MealPalTests.swift in Sources */ = {isa = PBXBuildFile; fileRef = 81F611492A159247008DF5D8 /* MealPalTests.swift */; };
		81F611542A159247008DF5D8 /* MealPalUITests.swift in Sources */ = {isa = PBXBuildFile; fileRef = 81F611532A159247008DF5D8 /* MealPalUITests.swift */; };
		81F611562A159247008DF5D8 /* MealPalUITestsLaunchTests.swift in Sources */ = {isa = PBXBuildFile; fileRef = 81F611552A159247008DF5D8 /* MealPalUITestsLaunchTests.swift */; };
/* End PBXBuildFile section */

/* Begin PBXContainerItemProxy section */
		81F611462A159247008DF5D8 /* PBXContainerItemProxy */ = {
			isa = PBXContainerItemProxy;
			containerPortal = 81F6112D2A159245008DF5D8 /* Project object */;
			proxyType = 1;
			remoteGlobalIDString = 81F611342A159245008DF5D8;
			remoteInfo = MealPal;
		};
		81F611502A159247008DF5D8 /* PBXContainerItemProxy */ = {
			isa = PBXContainerItemProxy;
			containerPortal = 81F6112D2A159245008DF5D8 /* Project object */;
			proxyType = 1;
			remoteGlobalIDString = 81F611342A159245008DF5D8;
			remoteInfo = MealPal;
		};
/* End PBXContainerItemProxy section */

/* Begin PBXFileReference section */
		81F611352A159245008DF5D8 /* MealPal.app */ = {isa = PBXFileReference; explicitFileType = wrapper.application; includeInIndex = 0; path = MealPal.app; sourceTree = BUILT_PRODUCTS_DIR; };
		81F611382A159245008DF5D8 /* MealPalApp.swift */ = {isa = PBXFileReference; lastKnownFileType = sourcecode.swift; path = MealPalApp.swift; sourceTree = "<group>"; };
		81F6113A2A159245008DF5D8 /* ContentView.swift */ = {isa = PBXFileReference; lastKnownFileType = sourcecode.swift; path = ContentView.swift; sourceTree = "<group>"; };
		81F6113C2A159247008DF5D8 /* Assets.xcassets */ = {isa = PBXFileReference; lastKnownFileType = folder.assetcatalog; path = Assets.xcassets; sourceTree = "<group>"; };
		81F6113F2A159247008DF5D8 /* Preview Assets.xcassets */ = {isa = PBXFileReference; lastKnownFileType = folder.assetcatalog; path = "Preview Assets.xcassets"; sourceTree = "<group>"; };
		81F611452A159247008DF5D8 /* MealPalTests.xctest */ = {isa = PBXFileReference; explicitFileType = wrapper.cfbundle; includeInIndex = 0; path = MealPalTests.xctest; sourceTree = BUILT_PRODUCTS_DIR; };
		81F611492A159247008DF5D8 /* MealPalTests.swift */ = {isa = PBXFileReference; lastKnownFileType = sourcecode.swift; path = MealPalTests.swift; sourceTree = "<group>"; };
		81F6114F2A159247008DF5D8 /* MealPalUITests.xctest */ = {isa = PBXFileReference; explicitFileType = wrapper.cfbundle; includeInIndex = 0; path = MealPalUITests.xctest; sourceTree = BUILT_PRODUCTS_DIR; };
		81F611532A159247008DF5D8 /* MealPalUITests.swift */ = {isa = PBXFileReference; lastKnownFileType = sourcecode.swift; path = MealPalUITests.swift; sourceTree = "<group>"; };
		81F611552A159247008DF5D8 /* MealPalUITestsLaunchTests.swift */ = {isa = PBXFileReference; lastKnownFileType = sourcecode.swift; path = MealPalUITestsLaunchTests.swift; sourceTree = "<group>"; };
/* End PBXFileReference section */

/* Begin PBXFrameworksBuildPhase section */
		81F611322A159245008DF5D8 /* Frameworks */ = {
			isa = PBXFrameworksBuildPhase;
			buildActionMask = 2147483647;
			files = (
			);
			runOnlyForDeploymentPostprocessing = 0;
		};
		81F611422A159247008DF5D8 /* Frameworks */ = {
			isa = PBXFrameworksBuildPhase;
			buildActionMask = 2147483647;
			files = (
			);
			runOnlyForDeploymentPostprocessing = 0;
		};
		81F6114C2A159247008DF5D8 /* Frameworks */ = {
			isa = PBXFrameworksBuildPhase;
			buildActionMask = 2147483647;
			files = (
			);
			runOnlyForDeploymentPostprocessing = 0;
		};
/* End PBXFrameworksBuildPhase section */

/* Begin PBXGroup section */
		81F6112C2A159245008DF5D8 = {
			isa = PBXGroup;
			children = (
				81F611372A159245008DF5D8 /* MealPal */,
				81F611482A159247008DF5D8 /* MealPalTests */,
				81F611522A159247008DF5D8 /* MealPalUITests */,
				81F611362A159245008DF5D8 /* Products */,
			);
			sourceTree = "<group>";
		};
		81F611362A159245008DF5D8 /* Products */ = {
			isa = PBXGroup;
			children = (
				81F611352A159245008DF5D8 /* MealPal.app */,
				81F611452A159247008DF5D8 /* MealPalTests.xctest */,
				81F6114F2A159247008DF5D8 /* MealPalUITests.xctest */,
			);
			name = Products;
			sourceTree = "<group>";
		};
		81F611372A159245008DF5D8 /* MealPal */ = {
			isa = PBXGroup;
			children = (
				81F611382A159245008DF5D8 /* MealPalApp.swift */,
				81F6113A2A159245008DF5D8 /* ContentView.swift */,
				81F6113C2A159247008DF5D8 /* Assets.xcassets */,
				81F6113E2A159247008DF5D8 /* Preview Content */,
			);
			path = MealPal;
			sourceTree = "<group>";
		};
		81F6113E2A159247008DF5D8 /* Preview Content */ = {
			isa = PBXGroup;
			children = (
				81F6113F2A159247008DF5D8 /* Preview Assets.xcassets */,
			);
			path = "Preview Content";
			sourceTree = "<group>";
		};
		81F611482A159247008DF5D8 /* MealPalTests */ = {
			isa = PBXGroup;
			children = (
				81F611492A159247008DF5D8 /* MealPalTests.swift */,
			);
			path = MealPalTests;
			sourceTree = "<group>";
		};
		81F611522A159247008DF5D8 /* MealPalUITests */ = {
			isa = PBXGroup;
			children = (
				81F611532A159247008DF5D8 /* MealPalUITests.swift */,
				81F611552A159247008DF5D8 /* MealPalUITestsLaunchTests.swift */,
			);
			path = MealPalUITests;
			sourceTree = "<group>";
		};
/* End PBXGroup section */

/* Begin PBXNativeTarget section */
		81F611342A159245008DF5D8 /* MealPal */ = {
			isa = PBXNativeTarget;
			buildConfigurationList = 81F611592A159247008DF5D8 /* Build configuration list for PBXNativeTarget "MealPal" */;
			buildPhases = (
				81F611312A159245008DF5D8 /* Sources */,
				81F611322A159245008DF5D8 /* Frameworks */,
				81F611332A159245008DF5D8 /* Resources */,
			);
			buildRules = (
			);
			dependencies = (
			);
			name = MealPal;
			productName = MealPal;
			productReference = 81F611352A159245008DF5D8 /* MealPal.app */;
			productType = "com.apple.product-type.application";
		};
		81F611442A159247008DF5D8 /* MealPalTests */ = {
			isa = PBXNativeTarget;
			buildConfigurationList = 81F6115C2A159247008DF5D8 /* Build configuration list for PBXNativeTarget "MealPalTests" */;
			buildPhases = (
				81F611412A159247008DF5D8 /* Sources */,
				81F611422A159247008DF5D8 /* Frameworks */,
				81F611432A159247008DF5D8 /* Resources */,
			);
			buildRules = (
			);
			dependencies = (
				81F611472A159247008DF5D8 /* PBXTargetDependency */,
			);
			name = MealPalTests;
			productName = MealPalTests;
			productReference = 81F611452A159247008DF5D8 /* MealPalTests.xctest */;
			productType = "com.apple.product-type.bundle.unit-test";
		};
		81F6114E2A159247008DF5D8 /* MealPalUITests */ = {
			isa = PBXNativeTarget;
			buildConfigurationList = 81F6115F2A159247008DF5D8 /* Build configuration list for PBXNativeTarget "MealPalUITests" */;
			buildPhases = (
				81F6114B2A159247008DF5D8 /* Sources */,
				81F6114C2A159247008DF5D8 /* Frameworks */,
				81F6114D2A159247008DF5D8 /* Resources */,
			);
			buildRules = (
			);
			dependencies = (
				81F611512A159247008DF5D8 /* PBXTargetDependency */,
			);
			name = MealPalUITests;
			productName = MealPalUITests;
			productReference = 81F6114F2A159247008DF5D8 /* MealPalUITests.xctest */;
			productType = "com.apple.product-type.bundle.ui-testing";
		};
/* End PBXNativeTarget section */

/* Begin PBXProject section */
		81F6112D2A159245008DF5D8 /* Project object */ = {
			isa = PBXProject;
			attributes = {
				BuildIndependentTargetsInParallel = 1;
				LastSwiftUpdateCheck = 1430;
				LastUpgradeCheck = 1430;
				TargetAttributes = {
					81F611342A159245008DF5D8 = {
						CreatedOnToolsVersion = 14.3;
					};
					81F611442A159247008DF5D8 = {
						CreatedOnToolsVersion = 14.3;
						TestTargetID = 81F611342A159245008DF5D8;
					};
					81F6114E2A159247008DF5D8 = {
						CreatedOnToolsVersion = 14.3;
						TestTargetID = 81F611342A159245008DF5D8;
					};
				};
			};
			buildConfigurationList = 81F611302A159245008DF5D8 /* Build configuration list for PBXProject "MealPal" */;
			compatibilityVersion = "Xcode 14.0";
			developmentRegion = en;
			hasScannedForEncodings = 0;
			knownRegions = (
				en,
				Base,
			);
			mainGroup = 81F6112C2A159245008DF5D8;
			productRefGroup = 81F611362A159245008DF5D8 /* Products */;
			projectDirPath = "";
			projectRoot = "";
			targets = (
				81F611342A159245008DF5D8 /* MealPal */,
				81F611442A159247008DF5D8 /* MealPalTests */,
				81F6114E2A159247008DF5D8 /* MealPalUITests */,
			);
		};
/* End PBXProject section */

/* Begin PBXResourcesBuildPhase section */
		81F611332A159245008DF5D8 /* Resources */ = {
			isa = PBXResourcesBuildPhase;
			buildActionMask = 2147483647;
			files = (
				81F611402A159247008DF5D8 /* Preview Assets.xcassets in Resources */,
				81F6113D2A159247008DF5D8 /* Assets.xcassets in Resources */,
			);
			runOnlyForDeploymentPostprocessing = 0;
		};
		81F611432A159247008DF5D8 /* Resources */ = {
			isa = PBXResourcesBuildPhase;
			buildActionMask = 2147483647;
			files = (
			);
			runOnlyForDeploymentPostprocessing = 0;
		};
		81F6114D2A159247008DF5D8 /* Resources */ = {
			isa = PBXResourcesBuildPhase;
			buildActionMask = 2147483647;
			files = (
			);
			runOnlyForDeploymentPostprocessing = 0;
		};
/* End PBXResourcesBuildPhase section */

/* Begin PBXSourcesBuildPhase section */
		81F611312A159245008DF5D8 /* Sources */ = {
			isa = PBXSourcesBuildPhase;
			buildActionMask = 2147483647;
			files = (
				81F6113B2A159245008DF5D8 /* ContentView.swift in Sources */,
				81F611392A159245008DF5D8 /* MealPalApp.swift in Sources */,
			);
			runOnlyForDeploymentPostprocessing = 0;
		};
		81F611412A159247008DF5D8 /* Sources */ = {
			isa = PBXSourcesBuildPhase;
			buildActionMask = 2147483647;
			files = (
				81F6114A2A159247008DF5D8 /* MealPalTests.swift in Sources */,
			);
			runOnlyForDeploymentPostprocessing = 0;
		};
		81F6114B2A159247008DF5D8 /* Sources */ = {
			isa = PBXSourcesBuildPhase;
			buildActionMask = 2147483647;
			files = (
				81F611542A159247008DF5D8 /* MealPalUITests.swift in Sources */,
				81F611562A159247008DF5D8 /* MealPalUITestsLaunchTests.swift in Sources */,
			);
			runOnlyForDeploymentPostprocessing = 0;
		};
/* End PBXSourcesBuildPhase section */

/* Begin PBXTargetDependency section */
		81F611472A159247008DF5D8 /* PBXTargetDependency */ = {
			isa = PBXTargetDependency;
			target = 81F611342A159245008DF5D8 /* MealPal */;
			targetProxy = 81F611462A159247008DF5D8 /* PBXContainerItemProxy */;
		};
		81F611512A159247008DF5D8 /* PBXTargetDependency */ = {
			isa = PBXTargetDependency;
			target = 81F611342A159245008DF5D8 /* MealPal */;
			targetProxy = 81F611502A159247008DF5D8 /* PBXContainerItemProxy */;
		};
/* End PBXTargetDependency section */

/* Begin XCBuildConfiguration section */
		81F611572A159247008DF5D8 /* Debug */ = {
			isa = XCBuildConfiguration;
			buildSettings = {
				ALWAYS_SEARCH_USER_PATHS = NO;
				CLANG_ANALYZER_NONNULL = YES;
				CLANG_ANALYZER_NUMBER_OBJECT_CONVERSION = YES_AGGRESSIVE;
				CLANG_CXX_LANGUAGE_STANDARD = "gnu++20";
				CLANG_ENABLE_MODULES = YES;
				CLANG_ENABLE_OBJC_ARC = YES;
				CLANG_ENABLE_OBJC_WEAK = YES;
				CLANG_WARN_BLOCK_CAPTURE_AUTORELEASING = YES;
				CLANG_WARN_BOOL_CONVERSION = YES;
				CLANG_WARN_COMMA = YES;
				CLANG_WARN_CONSTANT_CONVERSION = YES;
				CLANG_WARN_DEPRECATED_OBJC_IMPLEMENTATIONS = YES;
				CLANG_WARN_DIRECT_OBJC_ISA_USAGE = YES_ERROR;
				CLANG_WARN_DOCUMENTATION_COMMENTS = YES;
				CLANG_WARN_EMPTY_BODY = YES;
				CLANG_WARN_ENUM_CONVERSION = YES;
				CLANG_WARN_INFINITE_RECURSION = YES;
				CLANG_WARN_INT_CONVERSION = YES;
				CLANG_WARN_NON_LITERAL_NULL_CONVERSION = YES;
				CLANG_WARN_OBJC_IMPLICIT_RETAIN_SELF = YES;
				CLANG_WARN_OBJC_LITERAL_CONVERSION = YES;
				CLANG_WARN_OBJC_ROOT_CLASS = YES_ERROR;
				CLANG_WARN_QUOTED_INCLUDE_IN_FRAMEWORK_HEADER = YES;
				CLANG_WARN_RANGE_LOOP_ANALYSIS = YES;
				CLANG_WARN_STRICT_PROTOTYPES = YES;
				CLANG_WARN_SUSPICIOUS_MOVE = YES;
				CLANG_WARN_UNGUARDED_AVAILABILITY = YES_AGGRESSIVE;
				CLANG_WARN_UNREACHABLE_CODE = YES;
				CLANG_WARN__DUPLICATE_METHOD_MATCH = YES;
				COPY_PHASE_STRIP = NO;
				DEBUG_INFORMATION_FORMAT = dwarf;
				ENABLE_STRICT_OBJC_MSGSEND = YES;
				ENABLE_TESTABILITY = YES;
				GCC_C_LANGUAGE_STANDARD = gnu11;
				GCC_DYNAMIC_NO_PIC = NO;
				GCC_NO_COMMON_BLOCKS = YES;
				GCC_OPTIMIZATION_LEVEL = 0;
				GCC_PREPROCESSOR_DEFINITIONS = (
					"DEBUG=1",
					"$(inherited)",
				);
				GCC_WARN_64_TO_32_BIT_CONVERSION = YES;
				GCC_WARN_ABOUT_RETURN_TYPE = YES_ERROR;
				GCC_WARN_UNDECLARED_SELECTOR = YES;
				GCC_WARN_UNINITIALIZED_AUTOS = YES_AGGRESSIVE;
				GCC_WARN_UNUSED_FUNCTION = YES;
				GCC_WARN_UNUSED_VARIABLE = YES;
				IPHONEOS_DEPLOYMENT_TARGET = 16.4;
				MTL_ENABLE_DEBUG_INFO = INCLUDE_SOURCE;
				MTL_FAST_MATH = YES;
				ONLY_ACTIVE_ARCH = YES;
				SDKROOT = iphoneos;
				SWIFT_ACTIVE_COMPILATION_CONDITIONS = DEBUG;
				SWIFT_OPTIMIZATION_LEVEL = "-Onone";
			};
			name = Debug;
		};
		81F611582A159247008DF5D8 /* Release */ = {
			isa = XCBuildConfiguration;
			buildSettings = {
				ALWAYS_SEARCH_USER_PATHS = NO;
				CLANG_ANALYZER_NONNULL = YES;
				CLANG_ANALYZER_NUMBER_OBJECT_CONVERSION = YES_AGGRESSIVE;
				CLANG_CXX_LANGUAGE_STANDARD = "gnu++20";
				CLANG_ENABLE_MODULES = YES;
				CLANG_ENABLE_OBJC_ARC = YES;
				CLANG_ENABLE_OBJC_WEAK = YES;
				CLANG_WARN_BLOCK_CAPTURE_AUTORELEASING = YES;
				CLANG_WARN_BOOL_CONVERSION = YES;
				CLANG_WARN_COMMA = YES;
				CLANG_WARN_CONSTANT_CONVERSION = YES;
				CLANG_WARN_DEPRECATED_OBJC_IMPLEMENTATIONS = YES;
				CLANG_WARN_DIRECT_OBJC_ISA_USAGE = YES_ERROR;
				CLANG_WARN_DOCUMENTATION_COMMENTS = YES;
				CLANG_WARN_EMPTY_BODY = YES;
				CLANG_WARN_ENUM_CONVERSION = YES;
				CLANG_WARN_INFINITE_RECURSION = YES;
				CLANG_WARN_INT_CONVERSION = YES;
				CLANG_WARN_NON_LITERAL_NULL_CONVERSION = YES;
				CLANG_WARN_OBJC_IMPLICIT_RETAIN_SELF = YES;
				CLANG_WARN_OBJC_LITERAL_CONVERSION = YES;
				CLANG_WARN_OBJC_ROOT_CLASS = YES_ERROR;
				CLANG_WARN_QUOTED_INCLUDE_IN_FRAMEWORK_HEADER = YES;
				CLANG_WARN_RANGE_LOOP_ANALYSIS = YES;
				CLANG_WARN_STRICT_PROTOTYPES = YES;
				CLANG_WARN_SUSPICIOUS_MOVE = YES;
				CLANG_WARN_UNGUARDED_AVAILABILITY = YES_AGGRESSIVE;
				CLANG_WARN_UNREACHABLE_CODE = YES;
				CLANG_WARN__DUPLICATE_METHOD_MATCH = YES;
				COPY_PHASE_STRIP = NO;
				DEBUG_INFORMATION_FORMAT = "dwarf-with-dsym";
				ENABLE_NS_ASSERTIONS = NO;
				ENABLE_STRICT_OBJC_MSGSEND = YES;
				GCC_C_LANGUAGE_STANDARD = gnu11;
				GCC_NO_COMMON_BLOCKS = YES;
				GCC_WARN_64_TO_32_BIT_CONVERSION = YES;
				GCC_WARN_ABOUT_RETURN_TYPE = YES_ERROR;
				GCC_WARN_UNDECLARED_SELECTOR = YES;
				GCC_WARN_UNINITIALIZED_AUTOS = YES_AGGRESSIVE;
				GCC_WARN_UNUSED_FUNCTION = YES;
				GCC_WARN_UNUSED_VARIABLE = YES;
				IPHONEOS_DEPLOYMENT_TARGET = 16.4;
				MTL_ENABLE_DEBUG_INFO = NO;
				MTL_FAST_MATH = YES;
				SDKROOT = iphoneos;
				SWIFT_COMPILATION_MODE = wholemodule;
				SWIFT_OPTIMIZATION_LEVEL = "-O";
				VALIDATE_PRODUCT = YES;
			};
			name = Release;
		};
		81F6115A2A159247008DF5D8 /* Debug */ = {
			isa = XCBuildConfiguration;
			buildSettings = {
				ASSETCATALOG_COMPILER_APPICON_NAME = AppIcon;
				ASSETCATALOG_COMPILER_GLOBAL_ACCENT_COLOR_NAME = AccentColor;
				CODE_SIGN_STYLE = Automatic;
				CURRENT_PROJECT_VERSION = 1;
				DEVELOPMENT_ASSET_PATHS = "\"MealPal/Preview Content\"";
				ENABLE_PREVIEWS = YES;
				GENERATE_INFOPLIST_FILE = YES;
				INFOPLIST_KEY_UIApplicationSceneManifest_Generation = YES;
				INFOPLIST_KEY_UIApplicationSupportsIndirectInputEvents = YES;
				INFOPLIST_KEY_UILaunchScreen_Generation = YES;
				INFOPLIST_KEY_UISupportedInterfaceOrientations_iPad = "UIInterfaceOrientationPortrait UIInterfaceOrientationPortraitUpsideDown UIInterfaceOrientationLandscapeLeft UIInterfaceOrientationLandscapeRight";
				INFOPLIST_KEY_UISupportedInterfaceOrientations_iPhone = "UIInterfaceOrientationPortrait UIInterfaceOrientationLandscapeLeft UIInterfaceOrientationLandscapeRight";
				LD_RUNPATH_SEARCH_PATHS = (
					"$(inherited)",
					"@executable_path/Frameworks",
				);
				MARKETING_VERSION = 1.0;
				PRODUCT_BUNDLE_IDENTIFIER = Junaid.Ahmed.MealPal;
				PRODUCT_NAME = "$(TARGET_NAME)";
				SWIFT_EMIT_LOC_STRINGS = YES;
				SWIFT_VERSION = 5.0;
				TARGETED_DEVICE_FAMILY = "1,2";
			};
			name = Debug;
		};
		81F6115B2A159247008DF5D8 /* Release */ = {
			isa = XCBuildConfiguration;
			buildSettings = {
				ASSETCATALOG_COMPILER_APPICON_NAME = AppIcon;
				ASSETCATALOG_COMPILER_GLOBAL_ACCENT_COLOR_NAME = AccentColor;
				CODE_SIGN_STYLE = Automatic;
				CURRENT_PROJECT_VERSION = 1;
				DEVELOPMENT_ASSET_PATHS = "\"MealPal/Preview Content\"";
				ENABLE_PREVIEWS = YES;
				GENERATE_INFOPLIST_FILE = YES;
				INFOPLIST_KEY_UIApplicationSceneManifest_Generation = YES;
				INFOPLIST_KEY_UIApplicationSupportsIndirectInputEvents = YES;
				INFOPLIST_KEY_UILaunchScreen_Generation = YES;
				INFOPLIST_KEY_UISupportedInterfaceOrientations_iPad = "UIInterfaceOrientationPortrait UIInterfaceOrientationPortraitUpsideDown UIInterfaceOrientationLandscapeLeft UIInterfaceOrientationLandscapeRight";
				INFOPLIST_KEY_UISupportedInterfaceOrientations_iPhone = "UIInterfaceOrientationPortrait UIInterfaceOrientationLandscapeLeft UIInterfaceOrientationLandscapeRight";
				LD_RUNPATH_SEARCH_PATHS = (
					"$(inherited)",
					"@executable_path/Frameworks",
				);
				MARKETING_VERSION = 1.0;
				PRODUCT_BUNDLE_IDENTIFIER = Junaid.Ahmed.MealPal;
				PRODUCT_NAME = "$(TARGET_NAME)";
				SWIFT_EMIT_LOC_STRINGS = YES;
				SWIFT_VERSION = 5.0;
				TARGETED_DEVICE_FAMILY = "1,2";
			};
			name = Release;
		};
		81F6115D2A159247008DF5D8 /* Debug */ = {
			isa = XCBuildConfiguration;
			buildSettings = {
				ALWAYS_EMBED_SWIFT_STANDARD_LIBRARIES = YES;
				BUNDLE_LOADER = "$(TEST_HOST)";
				CODE_SIGN_STYLE = Automatic;
				CURRENT_PROJECT_VERSION = 1;
				GENERATE_INFOPLIST_FILE = YES;
				IPHONEOS_DEPLOYMENT_TARGET = 16.4;
				MARKETING_VERSION = 1.0;
				PRODUCT_BUNDLE_IDENTIFIER = Junaid.Ahmed.MealPalTests;
				PRODUCT_NAME = "$(TARGET_NAME)";
				SWIFT_EMIT_LOC_STRINGS = NO;
				SWIFT_VERSION = 5.0;
				TARGETED_DEVICE_FAMILY = "1,2";
				TEST_HOST = "$(BUILT_PRODUCTS_DIR)/MealPal.app/$(BUNDLE_EXECUTABLE_FOLDER_PATH)/MealPal";
			};
			name = Debug;
		};
		81F6115E2A159247008DF5D8 /* Release */ = {
			isa = XCBuildConfiguration;
			buildSettings = {
				ALWAYS_EMBED_SWIFT_STANDARD_LIBRARIES = YES;
				BUNDLE_LOADER = "$(TEST_HOST)";
				CODE_SIGN_STYLE = Automatic;
				CURRENT_PROJECT_VERSION = 1;
				GENERATE_INFOPLIST_FILE = YES;
				IPHONEOS_DEPLOYMENT_TARGET = 16.4;
				MARKETING_VERSION = 1.0;
				PRODUCT_BUNDLE_IDENTIFIER = Junaid.Ahmed.MealPalTests;
				PRODUCT_NAME = "$(TARGET_NAME)";
				SWIFT_EMIT_LOC_STRINGS = NO;
				SWIFT_VERSION = 5.0;
				TARGETED_DEVICE_FAMILY = "1,2";
				TEST_HOST = "$(BUILT_PRODUCTS_DIR)/MealPal.app/$(BUNDLE_EXECUTABLE_FOLDER_PATH)/MealPal";
			};
			name = Release;
		};
		81F611602A159247008DF5D8 /* Debug */ = {
			isa = XCBuildConfiguration;
			buildSettings = {
				ALWAYS_EMBED_SWIFT_STANDARD_LIBRARIES = YES;
				CODE_SIGN_STYLE = Automatic;
				CURRENT_PROJECT_VERSION = 1;
				GENERATE_INFOPLIST_FILE = YES;
				MARKETING_VERSION = 1.0;
				PRODUCT_BUNDLE_IDENTIFIER = Junaid.Ahmed.MealPalUITests;
				PRODUCT_NAME = "$(TARGET_NAME)";
				SWIFT_EMIT_LOC_STRINGS = NO;
				SWIFT_VERSION = 5.0;
				TARGETED_DEVICE_FAMILY = "1,2";
				TEST_TARGET_NAME = MealPal;
			};
			name = Debug;
		};
		81F611612A159247008DF5D8 /* Release */ = {
			isa = XCBuildConfiguration;
			buildSettings = {
				ALWAYS_EMBED_SWIFT_STANDARD_LIBRARIES = YES;
				CODE_SIGN_STYLE = Automatic;
				CURRENT_PROJECT_VERSION = 1;
				GENERATE_INFOPLIST_FILE = YES;
				MARKETING_VERSION = 1.0;
				PRODUCT_BUNDLE_IDENTIFIER = Junaid.Ahmed.MealPalUITests;
				PRODUCT_NAME = "$(TARGET_NAME)";
				SWIFT_EMIT_LOC_STRINGS = NO;
				SWIFT_VERSION = 5.0;
				TARGETED_DEVICE_FAMILY = "1,2";
				TEST_TARGET_NAME = MealPal;
			};
			name = Release;
		};
/* End XCBuildConfiguration section */

/* Begin XCConfigurationList section */
		81F611302A159245008DF5D8 /* Build configuration list for PBXProject "MealPal" */ = {
			isa = XCConfigurationList;
			buildConfigurations = (
				81F611572A159247008DF5D8 /* Debug */,
				81F611582A159247008DF5D8 /* Release */,
			);
			defaultConfigurationIsVisible = 0;
			defaultConfigurationName = Release;
		};
		81F611592A159247008DF5D8 /* Build configuration list for PBXNativeTarget "MealPal" */ = {
			isa = XCConfigurationList;
			buildConfigurations = (
				81F6115A2A159247008DF5D8 /* Debug */,
				81F6115B2A159247008DF5D8 /* Release */,
			);
			defaultConfigurationIsVisible = 0;
			defaultConfigurationName = Release;
		};
		81F6115C2A159247008DF5D8 /* Build configuration list for PBXNativeTarget "MealPalTests" */ = {
			isa = XCConfigurationList;
			buildConfigurations = (
				81F6115D2A159247008DF5D8 /* Debug */,
				81F6115E2A159247008DF5D8 /* Release */,
			);
			defaultConfigurationIsVisible = 0;
			defaultConfigurationName = Release;
		};
		81F6115F2A159247008DF5D8 /* Build configuration list for PBXNativeTarget "MealPalUITests" */ = {
			isa = XCConfigurationList;
			buildConfigurations = (
				81F611602A159247008DF5D8 /* Debug */,
				81F611612A159247008DF5D8 /* Release */,
			);
			defaultConfigurationIsVisible = 0;
			defaultConfigurationName = Release;
		};
/* End XCConfigurationList section */
	};
	rootObject = 81F6112D2A159245008DF5D8 /* Project object */;
}
